
Microsoft Visual Studio Solution File, Format Version 12.00
# Visual Studio 15
VisualStudioVersion = 15.0.28307.902
MinimumVisualStudioVersion = 10.0.40219.1
Project("{FAE04EC0-301F-11D3-BF4B-00C04F79EFBC}") = "ExpensesApp.Android", "ExpensesApp\ExpensesApp.Android\ExpensesApp.Android.csproj", "{7EF0CFBC-FA3B-4284-A557-4DD0993620A1}"
EndProject
Project("{FAE04EC0-301F-11D3-BF4B-00C04F79EFBC}") = "ExpensesApp.iOS", "ExpensesApp\ExpensesApp.iOS\ExpensesApp.iOS.csproj", "{56FB14F2-A3D2-4AB7-8BB6-7083DBEFCB15}"
EndProject
Project("{FAE04EC0-301F-11D3-BF4B-00C04F79EFBC}") = "ExpensesApp.UWP", "ExpensesApp\ExpensesApp.UWP\ExpensesApp.UWP.csproj", "{B5EF0D31-9847-4757-BBC1-BF1B5BF8936F}"
EndProject
Project("{FAE04EC0-301F-11D3-BF4B-00C04F79EFBC}") = "ExpensesApp", "ExpensesApp\ExpensesApp\ExpensesApp.csproj", "{037169F7-0CB9-475E-874B-C185BDF2B222}"
EndProject
Global
	GlobalSection(SolutionConfigurationPlatforms) = preSolution
		Ad-Hoc|Any CPU = Ad-Hoc|Any CPU
		Ad-Hoc|ARM = Ad-Hoc|ARM
		Ad-Hoc|iPhone = Ad-Hoc|iPhone
		Ad-Hoc|iPhoneSimulator = Ad-Hoc|iPhoneSimulator
		Ad-Hoc|x64 = Ad-Hoc|x64
		Ad-Hoc|x86 = Ad-Hoc|x86
		AppStore|Any CPU = AppStore|Any CPU
		AppStore|ARM = AppStore|ARM
		AppStore|iPhone = AppStore|iPhone
		AppStore|iPhoneSimulator = AppStore|iPhoneSimulator
		AppStore|x64 = AppStore|x64
		AppStore|x86 = AppStore|x86
		Debug|Any CPU = Debug|Any CPU
		Debug|ARM = Debug|ARM
		Debug|iPhone = Debug|iPhone
		Debug|iPhoneSimulator = Debug|iPhoneSimulator
		Debug|x64 = Debug|x64
		Debug|x86 = Debug|x86
		Release|Any CPU = Release|Any CPU
		Release|ARM = Release|ARM
		Release|iPhone = Release|iPhone
		Release|iPhoneSimulator = Release|iPhoneSimulator
		Release|x64 = Release|x64
		Release|x86 = Release|x86
	EndGlobalSection
	GlobalSection(ProjectConfigurationPlatforms) = postSolution
		{7EF0CFBC-FA3B-4284-A557-4DD0993620A1}.Ad-Hoc|Any CPU.ActiveCfg = Release|Any CPU
		{7EF0CFBC-FA3B-4284-A557-4DD0993620A1}.Ad-Hoc|Any CPU.Build.0 = Release|Any CPU
		{7EF0CFBC-FA3B-4284-A557-4DD0993620A1}.Ad-Hoc|Any CPU.Deploy.0 = Release|Any CPU
		{7EF0CFBC-FA3B-4284-A557-4DD0993620A1}.Ad-Hoc|ARM.ActiveCfg = Release|Any CPU
		{7EF0CFBC-FA3B-4284-A557-4DD0993620A1}.Ad-Hoc|ARM.Build.0 = Release|Any CPU
		{7EF0CFBC-FA3B-4284-A557-4DD0993620A1}.Ad-Hoc|ARM.Deploy.0 = Release|Any CPU
		{7EF0CFBC-FA3B-4284-A557-4DD0993620A1}.Ad-Hoc|iPhone.ActiveCfg = Release|Any CPU
		{7EF0CFBC-FA3B-4284-A557-4DD0993620A1}.Ad-Hoc|iPhone.Build.0 = Release|Any CPU
		{7EF0CFBC-FA3B-4284-A557-4DD0993620A1}.Ad-Hoc|iPhone.Deploy.0 = Release|Any CPU
		{7EF0CFBC-FA3B-4284-A557-4DD0993620A1}.Ad-Hoc|iPhoneSimulator.ActiveCfg = Release|Any CPU
		{7EF0CFBC-FA3B-4284-A557-4DD0993620A1}.Ad-Hoc|iPhoneSimulator.Build.0 = Release|Any CPU
		{7EF0CFBC-FA3B-4284-A557-4DD0993620A1}.Ad-Hoc|iPhoneSimulator.Deploy.0 = Release|Any CPU
		{7EF0CFBC-FA3B-4284-A557-4DD0993620A1}.Ad-Hoc|x64.ActiveCfg = Release|Any CPU
		{7EF0CFBC-FA3B-4284-A557-4DD0993620A1}.Ad-Hoc|x64.Build.0 = Release|Any CPU
		{7EF0CFBC-FA3B-4284-A557-4DD0993620A1}.Ad-Hoc|x64.Deploy.0 = Release|Any CPU
		{7EF0CFBC-FA3B-4284-A557-4DD0993620A1}.Ad-Hoc|x86.ActiveCfg = Release|Any CPU
		{7EF0CFBC-FA3B-4284-A557-4DD0993620A1}.Ad-Hoc|x86.Build.0 = Release|Any CPU
		{7EF0CFBC-FA3B-4284-A557-4DD0993620A1}.Ad-Hoc|x86.Deploy.0 = Release|Any CPU
		{7EF0CFBC-FA3B-4284-A557-4DD0993620A1}.AppStore|Any CPU.ActiveCfg = Release|Any CPU
		{7EF0CFBC-FA3B-4284-A557-4DD0993620A1}.AppStore|Any CPU.Build.0 = Release|Any CPU
		{7EF0CFBC-FA3B-4284-A557-4DD0993620A1}.AppStore|Any CPU.Deploy.0 = Release|Any CPU
		{7EF0CFBC-FA3B-4284-A557-4DD0993620A1}.AppStore|ARM.ActiveCfg = Release|Any CPU
		{7EF0CFBC-FA3B-4284-A557-4DD0993620A1}.AppStore|ARM.Build.0 = Release|Any CPU
		{7EF0CFBC-FA3B-4284-A557-4DD0993620A1}.AppStore|ARM.Deploy.0 = Release|Any CPU
		{7EF0CFBC-FA3B-4284-A557-4DD0993620A1}.AppStore|iPhone.ActiveCfg = Release|Any CPU
		{7EF0CFBC-FA3B-4284-A557-4DD0993620A1}.AppStore|iPhone.Build.0 = Release|Any CPU
		{7EF0CFBC-FA3B-4284-A557-4DD0993620A1}.AppStore|iPhone.Deploy.0 = Release|Any CPU
		{7EF0CFBC-FA3B-4284-A557-4DD0993620A1}.AppStore|iPhoneSimulator.ActiveCfg = Release|Any CPU
		{7EF0CFBC-FA3B-4284-A557-4DD0993620A1}.AppStore|iPhoneSimulator.Build.0 = Release|Any CPU
		{7EF0CFBC-FA3B-4284-A557-4DD0993620A1}.AppStore|iPhoneSimulator.Deploy.0 = Release|Any CPU
		{7EF0CFBC-FA3B-4284-A557-4DD0993620A1}.AppStore|x64.ActiveCfg = Release|Any CPU
		{7EF0CFBC-FA3B-4284-A557-4DD0993620A1}.AppStore|x64.Build.0 = Release|Any CPU
		{7EF0CFBC-FA3B-4284-A557-4DD0993620A1}.AppStore|x64.Deploy.0 = Release|Any CPU
		{7EF0CFBC-FA3B-4284-A557-4DD0993620A1}.AppStore|x86.ActiveCfg = Release|Any CPU
		{7EF0CFBC-FA3B-4284-A557-4DD0993620A1}.AppStore|x86.Build.0 = Release|Any CPU
		{7EF0CFBC-FA3B-4284-A557-4DD0993620A1}.AppStore|x86.Deploy.0 = Release|Any CPU
		{7EF0CFBC-FA3B-4284-A557-4DD0993620A1}.Debug|Any CPU.ActiveCfg = Debug|Any CPU
		{7EF0CFBC-FA3B-4284-A557-4DD0993620A1}.Debug|Any CPU.Build.0 = Debug|Any CPU
		{7EF0CFBC-FA3B-4284-A557-4DD0993620A1}.Debug|Any CPU.Deploy.0 = Debug|Any CPU
		{7EF0CFBC-FA3B-4284-A557-4DD0993620A1}.Debug|ARM.ActiveCfg = Debug|Any CPU
		{7EF0CFBC-FA3B-4284-A557-4DD0993620A1}.Debug|ARM.Build.0 = Debug|Any CPU
		{7EF0CFBC-FA3B-4284-A557-4DD0993620A1}.Debug|ARM.Deploy.0 = Debug|Any CPU
		{7EF0CFBC-FA3B-4284-A557-4DD0993620A1}.Debug|iPhone.ActiveCfg = Debug|Any CPU
		{7EF0CFBC-FA3B-4284-A557-4DD0993620A1}.Debug|iPhone.Build.0 = Debug|Any CPU
		{7EF0CFBC-FA3B-4284-A557-4DD0993620A1}.Debug|iPhone.Deploy.0 = Debug|Any CPU
		{7EF0CFBC-FA3B-4284-A557-4DD0993620A1}.Debug|iPhoneSimulator.ActiveCfg = Debug|Any CPU
		{7EF0CFBC-FA3B-4284-A557-4DD0993620A1}.Debug|iPhoneSimulator.Build.0 = Debug|Any CPU
		{7EF0CFBC-FA3B-4284-A557-4DD0993620A1}.Debug|iPhoneSimulator.Deploy.0 = Debug|Any CPU
		{7EF0CFBC-FA3B-4284-A557-4DD0993620A1}.Debug|x64.ActiveCfg = Debug|Any CPU
		{7EF0CFBC-FA3B-4284-A557-4DD0993620A1}.Debug|x64.Build.0 = Debug|Any CPU
		{7EF0CFBC-FA3B-4284-A557-4DD0993620A1}.Debug|x64.Deploy.0 = Debug|Any CPU
		{7EF0CFBC-FA3B-4284-A557-4DD0993620A1}.Debug|x86.ActiveCfg = Debug|Any CPU
		{7EF0CFBC-FA3B-4284-A557-4DD0993620A1}.Debug|x86.Build.0 = Debug|Any CPU
		{7EF0CFBC-FA3B-4284-A557-4DD0993620A1}.Debug|x86.Deploy.0 = Debug|Any CPU
		{7EF0CFBC-FA3B-4284-A557-4DD0993620A1}.Release|Any CPU.ActiveCfg = Release|Any CPU
		{7EF0CFBC-FA3B-4284-A557-4DD0993620A1}.Release|Any CPU.Build.0 = Release|Any CPU
		{7EF0CFBC-FA3B-4284-A557-4DD0993620A1}.Release|Any CPU.Deploy.0 = Release|Any CPU
		{7EF0CFBC-FA3B-4284-A557-4DD0993620A1}.Release|ARM.ActiveCfg = Release|Any CPU
		{7EF0CFBC-FA3B-4284-A557-4DD0993620A1}.Release|ARM.Build.0 = Release|Any CPU
		{7EF0CFBC-FA3B-4284-A557-4DD0993620A1}.Release|ARM.Deploy.0 = Release|Any CPU
		{7EF0CFBC-FA3B-4284-A557-4DD0993620A1}.Release|iPhone.ActiveCfg = Release|Any CPU
		{7EF0CFBC-FA3B-4284-A557-4DD0993620A1}.Release|iPhone.Build.0 = Release|Any CPU
		{7EF0CFBC-FA3B-4284-A557-4DD0993620A1}.Release|iPhone.Deploy.0 = Release|Any CPU
		{7EF0CFBC-FA3B-4284-A557-4DD0993620A1}.Release|iPhoneSimulator.ActiveCfg = Release|Any CPU
		{7EF0CFBC-FA3B-4284-A557-4DD0993620A1}.Release|iPhoneSimulator.Build.0 = Release|Any CPU
		{7EF0CFBC-FA3B-4284-A557-4DD0993620A1}.Release|iPhoneSimulator.Deploy.0 = Release|Any CPU
		{7EF0CFBC-FA3B-4284-A557-4DD0993620A1}.Release|x64.ActiveCfg = Release|Any CPU
		{7EF0CFBC-FA3B-4284-A557-4DD0993620A1}.Release|x64.Build.0 = Release|Any CPU
		{7EF0CFBC-FA3B-4284-A557-4DD0993620A1}.Release|x64.Deploy.0 = Release|Any CPU
		{7EF0CFBC-FA3B-4284-A557-4DD0993620A1}.Release|x86.ActiveCfg = Release|Any CPU
		{7EF0CFBC-FA3B-4284-A557-4DD0993620A1}.Release|x86.Build.0 = Release|Any CPU
		{7EF0CFBC-FA3B-4284-A557-4DD0993620A1}.Release|x86.Deploy.0 = Release|Any CPU
		{56FB14F2-A3D2-4AB7-8BB6-7083DBEFCB15}.Ad-Hoc|Any CPU.ActiveCfg = Ad-Hoc|iPhone
		{56FB14F2-A3D2-4AB7-8BB6-7083DBEFCB15}.Ad-Hoc|Any CPU.Build.0 = Ad-Hoc|iPhone
		{56FB14F2-A3D2-4AB7-8BB6-7083DBEFCB15}.Ad-Hoc|Any CPU.Deploy.0 = Ad-Hoc|iPhone
		{56FB14F2-A3D2-4AB7-8BB6-7083DBEFCB15}.Ad-Hoc|ARM.ActiveCfg = Ad-Hoc|iPhone
		{56FB14F2-A3D2-4AB7-8BB6-7083DBEFCB15}.Ad-Hoc|ARM.Build.0 = Ad-Hoc|iPhone
		{56FB14F2-A3D2-4AB7-8BB6-7083DBEFCB15}.Ad-Hoc|ARM.Deploy.0 = Ad-Hoc|iPhone
		{56FB14F2-A3D2-4AB7-8BB6-7083DBEFCB15}.Ad-Hoc|iPhone.ActiveCfg = Ad-Hoc|iPhone
		{56FB14F2-A3D2-4AB7-8BB6-7083DBEFCB15}.Ad-Hoc|iPhone.Build.0 = Ad-Hoc|iPhone
		{56FB14F2-A3D2-4AB7-8BB6-7083DBEFCB15}.Ad-Hoc|iPhone.Deploy.0 = Ad-Hoc|iPhone
		{56FB14F2-A3D2-4AB7-8BB6-7083DBEFCB15}.Ad-Hoc|iPhoneSimulator.ActiveCfg = Ad-Hoc|iPhoneSimulator
		{56FB14F2-A3D2-4AB7-8BB6-7083DBEFCB15}.Ad-Hoc|iPhoneSimulator.Build.0 = Ad-Hoc|iPhoneSimulator
		{56FB14F2-A3D2-4AB7-8BB6-7083DBEFCB15}.Ad-Hoc|iPhoneSimulator.Deploy.0 = Ad-Hoc|iPhoneSimulator
		{56FB14F2-A3D2-4AB7-8BB6-7083DBEFCB15}.Ad-Hoc|x64.ActiveCfg = Ad-Hoc|iPhone
		{56FB14F2-A3D2-4AB7-8BB6-7083DBEFCB15}.Ad-Hoc|x64.Build.0 = Ad-Hoc|iPhone
		{56FB14F2-A3D2-4AB7-8BB6-7083DBEFCB15}.Ad-Hoc|x64.Deploy.0 = Ad-Hoc|iPhone
		{56FB14F2-A3D2-4AB7-8BB6-7083DBEFCB15}.Ad-Hoc|x86.ActiveCfg = Ad-Hoc|iPhone
		{56FB14F2-A3D2-4AB7-8BB6-7083DBEFCB15}.Ad-Hoc|x86.Build.0 = Ad-Hoc|iPhone
		{56FB14F2-A3D2-4AB7-8BB6-7083DBEFCB15}.Ad-Hoc|x86.Deploy.0 = Ad-Hoc|iPhone
		{56FB14F2-A3D2-4AB7-8BB6-7083DBEFCB15}.AppStore|Any CPU.ActiveCfg = AppStore|iPhone
		{56FB14F2-A3D2-4AB7-8BB6-7083DBEFCB15}.AppStore|Any CPU.Build.0 = AppStore|iPhone
		{56FB14F2-A3D2-4AB7-8BB6-7083DBEFCB15}.AppStore|Any CPU.Deploy.0 = AppStore|iPhone
		{56FB14F2-A3D2-4AB7-8BB6-7083DBEFCB15}.AppStore|ARM.ActiveCfg = AppStore|iPhone
		{56FB14F2-A3D2-4AB7-8BB6-7083DBEFCB15}.AppStore|ARM.Build.0 = AppStore|iPhone
		{56FB14F2-A3D2-4AB7-8BB6-7083DBEFCB15}.AppStore|ARM.Deploy.0 = AppStore|iPhone
		{56FB14F2-A3D2-4AB7-8BB6-7083DBEFCB15}.AppStore|iPhone.ActiveCfg = AppStore|iPhone
		{56FB14F2-A3D2-4AB7-8BB6-7083DBEFCB15}.AppStore|iPhone.Build.0 = AppStore|iPhone
		{56FB14F2-A3D2-4AB7-8BB6-7083DBEFCB15}.AppStore|iPhone.Deploy.0 = AppStore|iPhone
		{56FB14F2-A3D2-4AB7-8BB6-7083DBEFCB15}.AppStore|iPhoneSimulator.ActiveCfg = AppStore|iPhoneSimulator
		{56FB14F2-A3D2-4AB7-8BB6-7083DBEFCB15}.AppStore|iPhoneSimulator.Build.0 = AppStore|iPhoneSimulator
		{56FB14F2-A3D2-4AB7-8BB6-7083DBEFCB15}.AppStore|iPhoneSimulator.Deploy.0 = AppStore|iPhoneSimulator
		{56FB14F2-A3D2-4AB7-8BB6-7083DBEFCB15}.AppStore|x64.ActiveCfg = AppStore|iPhone
		{56FB14F2-A3D2-4AB7-8BB6-7083DBEFCB15}.AppStore|x64.Build.0 = AppStore|iPhone
		{56FB14F2-A3D2-4AB7-8BB6-7083DBEFCB15}.AppStore|x64.Deploy.0 = AppStore|iPhone
		{56FB14F2-A3D2-4AB7-8BB6-7083DBEFCB15}.AppStore|x86.ActiveCfg = AppStore|iPhone
		{56FB14F2-A3D2-4AB7-8BB6-7083DBEFCB15}.AppStore|x86.Build.0 = AppStore|iPhone
		{56FB14F2-A3D2-4AB7-8BB6-7083DBEFCB15}.AppStore|x86.Deploy.0 = AppStore|iPhone
		{56FB14F2-A3D2-4AB7-8BB6-7083DBEFCB15}.Debug|Any CPU.ActiveCfg = Debug|iPhoneSimulator
		{56FB14F2-A3D2-4AB7-8BB6-7083DBEFCB15}.Debug|Any CPU.Build.0 = Debug|iPhoneSimulator
		{56FB14F2-A3D2-4AB7-8BB6-7083DBEFCB15}.Debug|Any CPU.Deploy.0 = Debug|iPhoneSimulator
		{56FB14F2-A3D2-4AB7-8BB6-7083DBEFCB15}.Debug|ARM.ActiveCfg = Debug|iPhone
		{56FB14F2-A3D2-4AB7-8BB6-7083DBEFCB15}.Debug|ARM.Build.0 = Debug|iPhone
		{56FB14F2-A3D2-4AB7-8BB6-7083DBEFCB15}.Debug|ARM.Deploy.0 = Debug|iPhone
		{56FB14F2-A3D2-4AB7-8BB6-7083DBEFCB15}.Debug|iPhone.ActiveCfg = Debug|iPhone
		{56FB14F2-A3D2-4AB7-8BB6-7083DBEFCB15}.Debug|iPhone.Build.0 = Debug|iPhone
		{56FB14F2-A3D2-4AB7-8BB6-7083DBEFCB15}.Debug|iPhone.Deploy.0 = Debug|iPhone
		{56FB14F2-A3D2-4AB7-8BB6-7083DBEFCB15}.Debug|iPhoneSimulator.ActiveCfg = Debug|iPhoneSimulator
		{56FB14F2-A3D2-4AB7-8BB6-7083DBEFCB15}.Debug|iPhoneSimulator.Build.0 = Debug|iPhoneSimulator
		{56FB14F2-A3D2-4AB7-8BB6-7083DBEFCB15}.Debug|iPhoneSimulator.Deploy.0 = Debug|iPhoneSimulator
		{56FB14F2-A3D2-4AB7-8BB6-7083DBEFCB15}.Debug|x64.ActiveCfg = Debug|iPhone
		{56FB14F2-A3D2-4AB7-8BB6-7083DBEFCB15}.Debug|x64.Build.0 = Debug|iPhone
		{56FB14F2-A3D2-4AB7-8BB6-7083DBEFCB15}.Debug|x64.Deploy.0 = Debug|iPhone
		{56FB14F2-A3D2-4AB7-8BB6-7083DBEFCB15}.Debug|x86.ActiveCfg = Debug|iPhone
		{56FB14F2-A3D2-4AB7-8BB6-7083DBEFCB15}.Debug|x86.Build.0 = Debug|iPhone
		{56FB14F2-A3D2-4AB7-8BB6-7083DBEFCB15}.Debug|x86.Deploy.0 = Debug|iPhone
		{56FB14F2-A3D2-4AB7-8BB6-7083DBEFCB15}.Release|Any CPU.ActiveCfg = Release|iPhone
		{56FB14F2-A3D2-4AB7-8BB6-7083DBEFCB15}.Release|Any CPU.Build.0 = Release|iPhone
		{56FB14F2-A3D2-4AB7-8BB6-7083DBEFCB15}.Release|Any CPU.Deploy.0 = Release|iPhone
		{56FB14F2-A3D2-4AB7-8BB6-7083DBEFCB15}.Release|ARM.ActiveCfg = Release|iPhone
		{56FB14F2-A3D2-4AB7-8BB6-7083DBEFCB15}.Release|ARM.Build.0 = Release|iPhone
		{56FB14F2-A3D2-4AB7-8BB6-7083DBEFCB15}.Release|ARM.Deploy.0 = Release|iPhone
		{56FB14F2-A3D2-4AB7-8BB6-7083DBEFCB15}.Release|iPhone.ActiveCfg = Release|iPhone
		{56FB14F2-A3D2-4AB7-8BB6-7083DBEFCB15}.Release|iPhone.Build.0 = Release|iPhone
		{56FB14F2-A3D2-4AB7-8BB6-7083DBEFCB15}.Release|iPhone.Deploy.0 = Release|iPhone
		{56FB14F2-A3D2-4AB7-8BB6-7083DBEFCB15}.Release|iPhoneSimulator.ActiveCfg = Release|iPhoneSimulator
		{56FB14F2-A3D2-4AB7-8BB6-7083DBEFCB15}.Release|iPhoneSimulator.Build.0 = Release|iPhoneSimulator
		{56FB14F2-A3D2-4AB7-8BB6-7083DBEFCB15}.Release|iPhoneSimulator.Deploy.0 = Release|iPhoneSimulator
		{56FB14F2-A3D2-4AB7-8BB6-7083DBEFCB15}.Release|x64.ActiveCfg = Release|iPhone
		{56FB14F2-A3D2-4AB7-8BB6-7083DBEFCB15}.Release|x64.Build.0 = Release|iPhone
		{56FB14F2-A3D2-4AB7-8BB6-7083DBEFCB15}.Release|x64.Deploy.0 = Release|iPhone
		{56FB14F2-A3D2-4AB7-8BB6-7083DBEFCB15}.Release|x86.ActiveCfg = Release|iPhone
		{56FB14F2-A3D2-4AB7-8BB6-7083DBEFCB15}.Release|x86.Build.0 = Release|iPhone
		{56FB14F2-A3D2-4AB7-8BB6-7083DBEFCB15}.Release|x86.Deploy.0 = Release|iPhone
		{B5EF0D31-9847-4757-BBC1-BF1B5BF8936F}.Ad-Hoc|Any CPU.ActiveCfg = Release|x86
		{B5EF0D31-9847-4757-BBC1-BF1B5BF8936F}.Ad-Hoc|Any CPU.Build.0 = Release|x86
		{B5EF0D31-9847-4757-BBC1-BF1B5BF8936F}.Ad-Hoc|Any CPU.Deploy.0 = Release|x86
		{B5EF0D31-9847-4757-BBC1-BF1B5BF8936F}.Ad-Hoc|ARM.ActiveCfg = Release|ARM
		{B5EF0D31-9847-4757-BBC1-BF1B5BF8936F}.Ad-Hoc|ARM.Build.0 = Release|ARM
		{B5EF0D31-9847-4757-BBC1-BF1B5BF8936F}.Ad-Hoc|ARM.Deploy.0 = Release|ARM
		{B5EF0D31-9847-4757-BBC1-BF1B5BF8936F}.Ad-Hoc|iPhone.ActiveCfg = Release|x86
		{B5EF0D31-9847-4757-BBC1-BF1B5BF8936F}.Ad-Hoc|iPhone.Build.0 = Release|x86
		{B5EF0D31-9847-4757-BBC1-BF1B5BF8936F}.Ad-Hoc|iPhone.Deploy.0 = Release|x86
		{B5EF0D31-9847-4757-BBC1-BF1B5BF8936F}.Ad-Hoc|iPhoneSimulator.ActiveCfg = Release|x86
		{B5EF0D31-9847-4757-BBC1-BF1B5BF8936F}.Ad-Hoc|iPhoneSimulator.Build.0 = Release|x86
		{B5EF0D31-9847-4757-BBC1-BF1B5BF8936F}.Ad-Hoc|iPhoneSimulator.Deploy.0 = Release|x86
		{B5EF0D31-9847-4757-BBC1-BF1B5BF8936F}.Ad-Hoc|x64.ActiveCfg = Release|x64
		{B5EF0D31-9847-4757-BBC1-BF1B5BF8936F}.Ad-Hoc|x64.Build.0 = Release|x64
		{B5EF0D31-9847-4757-BBC1-BF1B5BF8936F}.Ad-Hoc|x64.Deploy.0 = Release|x64
		{B5EF0D31-9847-4757-BBC1-BF1B5BF8936F}.Ad-Hoc|x86.ActiveCfg = Release|x86
		{B5EF0D31-9847-4757-BBC1-BF1B5BF8936F}.Ad-Hoc|x86.Build.0 = Release|x86
		{B5EF0D31-9847-4757-BBC1-BF1B5BF8936F}.Ad-Hoc|x86.Deploy.0 = Release|x86
		{B5EF0D31-9847-4757-BBC1-BF1B5BF8936F}.AppStore|Any CPU.ActiveCfg = Release|x86
		{B5EF0D31-9847-4757-BBC1-BF1B5BF8936F}.AppStore|Any CPU.Build.0 = Release|x86
		{B5EF0D31-9847-4757-BBC1-BF1B5BF8936F}.AppStore|Any CPU.Deploy.0 = Release|x86
		{B5EF0D31-9847-4757-BBC1-BF1B5BF8936F}.AppStore|ARM.ActiveCfg = Release|ARM
		{B5EF0D31-9847-4757-BBC1-BF1B5BF8936F}.AppStore|ARM.Build.0 = Release|ARM
		{B5EF0D31-9847-4757-BBC1-BF1B5BF8936F}.AppStore|ARM.Deploy.0 = Release|ARM
		{B5EF0D31-9847-4757-BBC1-BF1B5BF8936F}.AppStore|iPhone.ActiveCfg = Release|x86
		{B5EF0D31-9847-4757-BBC1-BF1B5BF8936F}.AppStore|iPhone.Build.0 = Release|x86
		{B5EF0D31-9847-4757-BBC1-BF1B5BF8936F}.AppStore|iPhone.Deploy.0 = Release|x86
		{B5EF0D31-9847-4757-BBC1-BF1B5BF8936F}.AppStore|iPhoneSimulator.ActiveCfg = Release|x86
		{B5EF0D31-9847-4757-BBC1-BF1B5BF8936F}.AppStore|iPhoneSimulator.Build.0 = Release|x86
		{B5EF0D31-9847-4757-BBC1-BF1B5BF8936F}.AppStore|iPhoneSimulator.Deploy.0 = Release|x86
		{B5EF0D31-9847-4757-BBC1-BF1B5BF8936F}.AppStore|x64.ActiveCfg = Release|x64
		{B5EF0D31-9847-4757-BBC1-BF1B5BF8936F}.AppStore|x64.Build.0 = Release|x64
		{B5EF0D31-9847-4757-BBC1-BF1B5BF8936F}.AppStore|x64.Deploy.0 = Release|x64
		{B5EF0D31-9847-4757-BBC1-BF1B5BF8936F}.AppStore|x86.ActiveCfg = Release|x86
		{B5EF0D31-9847-4757-BBC1-BF1B5BF8936F}.AppStore|x86.Build.0 = Release|x86
		{B5EF0D31-9847-4757-BBC1-BF1B5BF8936F}.AppStore|x86.Deploy.0 = Release|x86
		{B5EF0D31-9847-4757-BBC1-BF1B5BF8936F}.Debug|Any CPU.ActiveCfg = Debug|x86
		{B5EF0D31-9847-4757-BBC1-BF1B5BF8936F}.Debug|Any CPU.Build.0 = Debug|x86
		{B5EF0D31-9847-4757-BBC1-BF1B5BF8936F}.Debug|Any CPU.Deploy.0 = Debug|x86
		{B5EF0D31-9847-4757-BBC1-BF1B5BF8936F}.Debug|ARM.ActiveCfg = Debug|ARM
		{B5EF0D31-9847-4757-BBC1-BF1B5BF8936F}.Debug|ARM.Build.0 = Debug|ARM
		{B5EF0D31-9847-4757-BBC1-BF1B5BF8936F}.Debug|ARM.Deploy.0 = Debug|ARM
		{B5EF0D31-9847-4757-BBC1-BF1B5BF8936F}.Debug|iPhone.ActiveCfg = Debug|x86
		{B5EF0D31-9847-4757-BBC1-BF1B5BF8936F}.Debug|iPhone.Build.0 = Debug|x86
		{B5EF0D31-9847-4757-BBC1-BF1B5BF8936F}.Debug|iPhone.Deploy.0 = Debug|x86
		{B5EF0D31-9847-4757-BBC1-BF1B5BF8936F}.Debug|iPhoneSimulator.ActiveCfg = Debug|x86
		{B5EF0D31-9847-4757-BBC1-BF1B5BF8936F}.Debug|iPhoneSimulator.Build.0 = Debug|x86
		{B5EF0D31-9847-4757-BBC1-BF1B5BF8936F}.Debug|iPhoneSimulator.Deploy.0 = Debug|x86
		{B5EF0D31-9847-4757-BBC1-BF1B5BF8936F}.Debug|x64.ActiveCfg = Debug|x64
		{B5EF0D31-9847-4757-BBC1-BF1B5BF8936F}.Debug|x64.Build.0 = Debug|x64
		{B5EF0D31-9847-4757-BBC1-BF1B5BF8936F}.Debug|x64.Deploy.0 = Debug|x64
		{B5EF0D31-9847-4757-BBC1-BF1B5BF8936F}.Debug|x86.ActiveCfg = Debug|x86
		{B5EF0D31-9847-4757-BBC1-BF1B5BF8936F}.Debug|x86.Build.0 = Debug|x86
		{B5EF0D31-9847-4757-BBC1-BF1B5BF8936F}.Debug|x86.Deploy.0 = Debug|x86
		{B5EF0D31-9847-4757-BBC1-BF1B5BF8936F}.Release|Any CPU.ActiveCfg = Release|x86
		{B5EF0D31-9847-4757-BBC1-BF1B5BF8936F}.Release|Any CPU.Build.0 = Release|x86
		{B5EF0D31-9847-4757-BBC1-BF1B5BF8936F}.Release|Any CPU.Deploy.0 = Release|x86
		{B5EF0D31-9847-4757-BBC1-BF1B5BF8936F}.Release|ARM.ActiveCfg = Release|ARM
		{B5EF0D31-9847-4757-BBC1-BF1B5BF8936F}.Release|ARM.Build.0 = Release|ARM
		{B5EF0D31-9847-4757-BBC1-BF1B5BF8936F}.Release|ARM.Deploy.0 = Release|ARM
		{B5EF0D31-9847-4757-BBC1-BF1B5BF8936F}.Release|iPhone.ActiveCfg = Release|x86
		{B5EF0D31-9847-4757-BBC1-BF1B5BF8936F}.Release|iPhone.Build.0 = Release|x86
		{B5EF0D31-9847-4757-BBC1-BF1B5BF8936F}.Release|iPhone.Deploy.0 = Release|x86
		{B5EF0D31-9847-4757-BBC1-BF1B5BF8936F}.Release|iPhoneSimulator.ActiveCfg = Release|x86
		{B5EF0D31-9847-4757-BBC1-BF1B5BF8936F}.Release|iPhoneSimulator.Build.0 = Release|x86
		{B5EF0D31-9847-4757-BBC1-BF1B5BF8936F}.Release|iPhoneSimulator.Deploy.0 = Release|x86
		{B5EF0D31-9847-4757-BBC1-BF1B5BF8936F}.Release|x64.ActiveCfg = Release|x64
		{B5EF0D31-9847-4757-BBC1-BF1B5BF8936F}.Release|x64.Build.0 = Release|x64
		{B5EF0D31-9847-4757-BBC1-BF1B5BF8936F}.Release|x64.Deploy.0 = Release|x64
		{B5EF0D31-9847-4757-BBC1-BF1B5BF8936F}.Release|x86.ActiveCfg = Release|x86
		{B5EF0D31-9847-4757-BBC1-BF1B5BF8936F}.Release|x86.Build.0 = Release|x86
		{B5EF0D31-9847-4757-BBC1-BF1B5BF8936F}.Release|x86.Deploy.0 = Release|x86
		{037169F7-0CB9-475E-874B-C185BDF2B222}.Ad-Hoc|Any CPU.ActiveCfg = Debug|Any CPU
		{037169F7-0CB9-475E-874B-C185BDF2B222}.Ad-Hoc|Any CPU.Build.0 = Debug|Any CPU
		{037169F7-0CB9-475E-874B-C185BDF2B222}.Ad-Hoc|Any CPU.Deploy.0 = Debug|Any CPU
		{037169F7-0CB9-475E-874B-C185BDF2B222}.Ad-Hoc|ARM.ActiveCfg = Debug|Any CPU
		{037169F7-0CB9-475E-874B-C185BDF2B222}.Ad-Hoc|ARM.Build.0 = Debug|Any CPU
		{037169F7-0CB9-475E-874B-C185BDF2B222}.Ad-Hoc|ARM.Deploy.0 = Debug|Any CPU
		{037169F7-0CB9-475E-874B-C185BDF2B222}.Ad-Hoc|iPhone.ActiveCfg = Debug|Any CPU
		{037169F7-0CB9-475E-874B-C185BDF2B222}.Ad-Hoc|iPhone.Build.0 = Debug|Any CPU
		{037169F7-0CB9-475E-874B-C185BDF2B222}.Ad-Hoc|iPhone.Deploy.0 = Debug|Any CPU
		{037169F7-0CB9-475E-874B-C185BDF2B222}.Ad-Hoc|iPhoneSimulator.ActiveCfg = Debug|Any CPU
		{037169F7-0CB9-475E-874B-C185BDF2B222}.Ad-Hoc|iPhoneSimulator.Build.0 = Debug|Any CPU
		{037169F7-0CB9-475E-874B-C185BDF2B222}.Ad-Hoc|iPhoneSimulator.Deploy.0 = Debug|Any CPU
		{037169F7-0CB9-475E-874B-C185BDF2B222}.Ad-Hoc|x64.ActiveCfg = Debug|Any CPU
		{037169F7-0CB9-475E-874B-C185BDF2B222}.Ad-Hoc|x64.Build.0 = Debug|Any CPU
		{037169F7-0CB9-475E-874B-C185BDF2B222}.Ad-Hoc|x64.Deploy.0 = Debug|Any CPU
		{037169F7-0CB9-475E-874B-C185BDF2B222}.Ad-Hoc|x86.ActiveCfg = Debug|Any CPU
		{037169F7-0CB9-475E-874B-C185BDF2B222}.Ad-Hoc|x86.Build.0 = Debug|Any CPU
		{037169F7-0CB9-475E-874B-C185BDF2B222}.Ad-Hoc|x86.Deploy.0 = Debug|Any CPU
		{037169F7-0CB9-475E-874B-C185BDF2B222}.AppStore|Any CPU.ActiveCfg = Debug|Any CPU
		{037169F7-0CB9-475E-874B-C185BDF2B222}.AppStore|Any CPU.Build.0 = Debug|Any CPU
		{037169F7-0CB9-475E-874B-C185BDF2B222}.AppStore|Any CPU.Deploy.0 = Debug|Any CPU
		{037169F7-0CB9-475E-874B-C185BDF2B222}.AppStore|ARM.ActiveCfg = Debug|Any CPU
		{037169F7-0CB9-475E-874B-C185BDF2B222}.AppStore|ARM.Build.0 = Debug|Any CPU
		{037169F7-0CB9-475E-874B-C185BDF2B222}.AppStore|ARM.Deploy.0 = Debug|Any CPU
		{037169F7-0CB9-475E-874B-C185BDF2B222}.AppStore|iPhone.ActiveCfg = Debug|Any CPU
		{037169F7-0CB9-475E-874B-C185BDF2B222}.AppStore|iPhone.Build.0 = Debug|Any CPU
		{037169F7-0CB9-475E-874B-C185BDF2B222}.AppStore|iPhone.Deploy.0 = Debug|Any CPU
		{037169F7-0CB9-475E-874B-C185BDF2B222}.AppStore|iPhoneSimulator.ActiveCfg = Debug|Any CPU
		{037169F7-0CB9-475E-874B-C185BDF2B222}.AppStore|iPhoneSimulator.Build.0 = Debug|Any CPU
		{037169F7-0CB9-475E-874B-C185BDF2B222}.AppStore|iPhoneSimulator.Deploy.0 = Debug|Any CPU
		{037169F7-0CB9-475E-874B-C185BDF2B222}.AppStore|x64.ActiveCfg = Debug|Any CPU
		{037169F7-0CB9-475E-874B-C185BDF2B222}.AppStore|x64.Build.0 = Debug|Any CPU
		{037169F7-0CB9-475E-874B-C185BDF2B222}.AppStore|x64.Deploy.0 = Debug|Any CPU
		{037169F7-0CB9-475E-874B-C185BDF2B222}.AppStore|x86.ActiveCfg = Debug|Any CPU
		{037169F7-0CB9-475E-874B-C185BDF2B222}.AppStore|x86.Build.0 = Debug|Any CPU
		{037169F7-0CB9-475E-874B-C185BDF2B222}.AppStore|x86.Deploy.0 = Debug|Any CPU
		{037169F7-0CB9-475E-874B-C185BDF2B222}.Debug|Any CPU.ActiveCfg = Debug|Any CPU
		{037169F7-0CB9-475E-874B-C185BDF2B222}.Debug|Any CPU.Build.0 = Debug|Any CPU
		{037169F7-0CB9-475E-874B-C185BDF2B222}.Debug|Any CPU.Deploy.0 = Debug|Any CPU
		{037169F7-0CB9-475E-874B-C185BDF2B222}.Debug|ARM.ActiveCfg = Debug|Any CPU
		{037169F7-0CB9-475E-874B-C185BDF2B222}.Debug|ARM.Build.0 = Debug|Any CPU
		{037169F7-0CB9-475E-874B-C185BDF2B222}.Debug|ARM.Deploy.0 = Debug|Any CPU
		{037169F7-0CB9-475E-874B-C185BDF2B222}.Debug|iPhone.ActiveCfg = Debug|Any CPU
		{037169F7-0CB9-475E-874B-C185BDF2B222}.Debug|iPhone.Build.0 = Debug|Any CPU
		{037169F7-0CB9-475E-874B-C185BDF2B222}.Debug|iPhone.Deploy.0 = Debug|Any CPU
		{037169F7-0CB9-475E-874B-C185BDF2B222}.Debug|iPhoneSimulator.ActiveCfg = Debug|Any CPU
		{037169F7-0CB9-475E-874B-C185BDF2B222}.Debug|iPhoneSimulator.Build.0 = Debug|Any CPU
		{037169F7-0CB9-475E-874B-C185BDF2B222}.Debug|iPhoneSimulator.Deploy.0 = Debug|Any CPU
		{037169F7-0CB9-475E-874B-C185BDF2B222}.Debug|x64.ActiveCfg = Debug|Any CPU
		{037169F7-0CB9-475E-874B-C185BDF2B222}.Debug|x64.Build.0 = Debug|Any CPU
		{037169F7-0CB9-475E-874B-C185BDF2B222}.Debug|x64.Deploy.0 = Debug|Any CPU
		{037169F7-0CB9-475E-874B-C185BDF2B222}.Debug|x86.ActiveCfg = Debug|Any CPU
		{037169F7-0CB9-475E-874B-C185BDF2B222}.Debug|x86.Build.0 = Debug|Any CPU
		{037169F7-0CB9-475E-874B-C185BDF2B222}.Debug|x86.Deploy.0 = Debug|Any CPU
		{037169F7-0CB9-475E-874B-C185BDF2B222}.Release|Any CPU.ActiveCfg = Release|Any CPU
		{037169F7-0CB9-475E-874B-C185BDF2B222}.Release|Any CPU.Build.0 = Release|Any CPU
		{037169F7-0CB9-475E-874B-C185BDF2B222}.Release|Any CPU.Deploy.0 = Release|Any CPU
		{037169F7-0CB9-475E-874B-C185BDF2B222}.Release|ARM.ActiveCfg = Release|Any CPU
		{037169F7-0CB9-475E-874B-C185BDF2B222}.Release|ARM.Build.0 = Release|Any CPU
		{037169F7-0CB9-475E-874B-C185BDF2B222}.Release|ARM.Deploy.0 = Release|Any CPU
		{037169F7-0CB9-475E-874B-C185BDF2B222}.Release|iPhone.ActiveCfg = Release|Any CPU
		{037169F7-0CB9-475E-874B-C185BDF2B222}.Release|iPhone.Build.0 = Release|Any CPU
		{037169F7-0CB9-475E-874B-C185BDF2B222}.Release|iPhone.Deploy.0 = Release|Any CPU
		{037169F7-0CB9-475E-874B-C185BDF2B222}.Release|iPhoneSimulator.ActiveCfg = Release|Any CPU
		{037169F7-0CB9-475E-874B-C185BDF2B222}.Release|iPhoneSimulator.Build.0 = Release|Any CPU
		{037169F7-0CB9-475E-874B-C185BDF2B222}.Release|iPhoneSimulator.Deploy.0 = Release|Any CPU
		{037169F7-0CB9-475E-874B-C185BDF2B222}.Release|x64.ActiveCfg = Release|Any CPU
		{037169F7-0CB9-475E-874B-C185BDF2B222}.Release|x64.Build.0 = Release|Any CPU
		{037169F7-0CB9-475E-874B-C185BDF2B222}.Release|x64.Deploy.0 = Release|Any CPU
		{037169F7-0CB9-475E-874B-C185BDF2B222}.Release|x86.ActiveCfg = Release|Any CPU
		{037169F7-0CB9-475E-874B-C185BDF2B222}.Release|x86.Build.0 = Release|Any CPU
		{037169F7-0CB9-475E-874B-C185BDF2B222}.Release|x86.Deploy.0 = Release|Any CPU
	EndGlobalSection
	GlobalSection(SolutionProperties) = preSolution
		HideSolutionNode = FALSE
	EndGlobalSection
	GlobalSection(ExtensibilityGlobals) = postSolution
		SolutionGuid = {966613EF-345B-4F22-B35D-C0C2C063C5C6}
	EndGlobalSection
EndGlobal
